
Microsoft Visual Studio Solution File, Format Version 12.00
Project("{FAE04EC0-301F-11D3-BF4B-00C04F79EFBC}") = "Task4", "Task4\Task4.csproj", "{344F9F8B-4025-49DA-A06D-0847DCA8C220}"
EndProject
Global
	GlobalSection(SolutionConfigurationPlatforms) = preSolution
		Debug|Any CPU = Debug|Any CPU
		Release|Any CPU = Release|Any CPU
	EndGlobalSection
	GlobalSection(ProjectConfigurationPlatforms) = postSolution
		{344F9F8B-4025-49DA-A06D-0847DCA8C220}.Debug|Any CPU.ActiveCfg = Debug|Any CPU
		{344F9F8B-4025-49DA-A06D-0847DCA8C220}.Debug|Any CPU.Build.0 = Debug|Any CPU
		{344F9F8B-4025-49DA-A06D-0847DCA8C220}.Release|Any CPU.ActiveCfg = Release|Any CPU
		{344F9F8B-4025-49DA-A06D-0847DCA8C220}.Release|Any CPU.Build.0 = Release|Any CPU
	EndGlobalSection
EndGlobal
