
Microsoft Visual Studio Solution File, Format Version 12.00
Project("{FAE04EC0-301F-11D3-BF4B-00C04F79EFBC}") = "Task5", "Task5\Task5.csproj", "{95990A0D-B544-41EB-99C5-1685471315EF}"
EndProject
Global
	GlobalSection(SolutionConfigurationPlatforms) = preSolution
		Debug|Any CPU = Debug|Any CPU
		Release|Any CPU = Release|Any CPU
	EndGlobalSection
	GlobalSection(ProjectConfigurationPlatforms) = postSolution
		{95990A0D-B544-41EB-99C5-1685471315EF}.Debug|Any CPU.ActiveCfg = Debug|Any CPU
		{95990A0D-B544-41EB-99C5-1685471315EF}.Debug|Any CPU.Build.0 = Debug|Any CPU
		{95990A0D-B544-41EB-99C5-1685471315EF}.Release|Any CPU.ActiveCfg = Release|Any CPU
		{95990A0D-B544-41EB-99C5-1685471315EF}.Release|Any CPU.Build.0 = Release|Any CPU
	EndGlobalSection
EndGlobal
